
Microsoft Visual Studio Solution File, Format Version 12.00
# Visual Studio Version 16
VisualStudioVersion = 16.0.31205.134
MinimumVisualStudioVersion = 10.0.40219.1
Project("{8BC9CEB8-8B4A-11D0-8D11-00A0C91BC942}") = "[2739]구구단", "[2739]구구단.vcxproj", "{FF5179C4-DEDF-4688-9365-4BF8890D19F3}"
EndProject
Global
	GlobalSection(SolutionConfigurationPlatforms) = preSolution
		Debug|x64 = Debug|x64
		Debug|x86 = Debug|x86
		Release|x64 = Release|x64
		Release|x86 = Release|x86
	EndGlobalSection
	GlobalSection(ProjectConfigurationPlatforms) = postSolution
		{FF5179C4-DEDF-4688-9365-4BF8890D19F3}.Debug|x64.ActiveCfg = Debug|x64
		{FF5179C4-DEDF-4688-9365-4BF8890D19F3}.Debug|x64.Build.0 = Debug|x64
		{FF5179C4-DEDF-4688-9365-4BF8890D19F3}.Debug|x86.ActiveCfg = Debug|Win32
		{FF5179C4-DEDF-4688-9365-4BF8890D19F3}.Debug|x86.Build.0 = Debug|Win32
		{FF5179C4-DEDF-4688-9365-4BF8890D19F3}.Release|x64.ActiveCfg = Release|x64
		{FF5179C4-DEDF-4688-9365-4BF8890D19F3}.Release|x64.Build.0 = Release|x64
		{FF5179C4-DEDF-4688-9365-4BF8890D19F3}.Release|x86.ActiveCfg = Release|Win32
		{FF5179C4-DEDF-4688-9365-4BF8890D19F3}.Release|x86.Build.0 = Release|Win32
	EndGlobalSection
	GlobalSection(SolutionProperties) = preSolution
		HideSolutionNode = FALSE
	EndGlobalSection
	GlobalSection(ExtensibilityGlobals) = postSolution
		SolutionGuid = {5EE2E7B1-CC0E-4455-88F9-9BFB1D9C0B64}
	EndGlobalSection
EndGlobal
